
Microsoft Visual Studio Solution File, Format Version 12.00
# Visual Studio Version 17
VisualStudioVersion = 17.11.35222.181
MinimumVisualStudioVersion = 10.0.40219.1
Project("{9A19103F-16F7-4668-BE54-9A1E7A4F7556}") = "ShapesLibrary", "ShapesLibrary\ShapesLibrary.csproj", "{149FFEB5-6E4A-4DE1-80EC-9269877F9017}"
EndProject
Project("{FAE04EC0-301F-11D3-BF4B-00C04F79EFBC}") = "ShapesLibraryTests", "ShapesLibraryTests\ShapesLibraryTests.csproj", "{870BB1D9-BCE9-4320-AF5B-678DD2579615}"
EndProject
Global
	GlobalSection(SolutionConfigurationPlatforms) = preSolution
		Debug|Any CPU = Debug|Any CPU
		Release|Any CPU = Release|Any CPU
	EndGlobalSection
	GlobalSection(ProjectConfigurationPlatforms) = postSolution
		{149FFEB5-6E4A-4DE1-80EC-9269877F9017}.Debug|Any CPU.ActiveCfg = Debug|Any CPU
		{149FFEB5-6E4A-4DE1-80EC-9269877F9017}.Debug|Any CPU.Build.0 = Debug|Any CPU
		{149FFEB5-6E4A-4DE1-80EC-9269877F9017}.Release|Any CPU.ActiveCfg = Release|Any CPU
		{149FFEB5-6E4A-4DE1-80EC-9269877F9017}.Release|Any CPU.Build.0 = Release|Any CPU
		{870BB1D9-BCE9-4320-AF5B-678DD2579615}.Debug|Any CPU.ActiveCfg = Debug|Any CPU
		{870BB1D9-BCE9-4320-AF5B-678DD2579615}.Debug|Any CPU.Build.0 = Debug|Any CPU
		{870BB1D9-BCE9-4320-AF5B-678DD2579615}.Release|Any CPU.ActiveCfg = Release|Any CPU
		{870BB1D9-BCE9-4320-AF5B-678DD2579615}.Release|Any CPU.Build.0 = Release|Any CPU
	EndGlobalSection
	GlobalSection(SolutionProperties) = preSolution
		HideSolutionNode = FALSE
	EndGlobalSection
	GlobalSection(ExtensibilityGlobals) = postSolution
		SolutionGuid = {31B7D6AA-0856-4330-B029-3B312D3199DA}
	EndGlobalSection
EndGlobal
